
Microsoft Visual Studio Solution File, Format Version 12.00
# Visual Studio Version 17
VisualStudioVersion = 17.14.36401.2 d17.14
MinimumVisualStudioVersion = 10.0.40219.1
Project("{FAE04EC0-301F-11D3-BF4B-00C04F79EFBC}") = "HandheldAmet", "HandheldAmet.csproj", "{39857D90-CA79-D9BD-6A10-63FDF2A23FA2}"
EndProject
Global
	GlobalSection(SolutionConfigurationPlatforms) = preSolution
		Debug|Any CPU = Debug|Any CPU
		Release|Any CPU = Release|Any CPU
	EndGlobalSection
	GlobalSection(ProjectConfigurationPlatforms) = postSolution
		{39857D90-CA79-D9BD-6A10-63FDF2A23FA2}.Debug|Any CPU.ActiveCfg = Debug|Any CPU
		{39857D90-CA79-D9BD-6A10-63FDF2A23FA2}.Debug|Any CPU.Build.0 = Debug|Any CPU
		{39857D90-CA79-D9BD-6A10-63FDF2A23FA2}.Release|Any CPU.ActiveCfg = Release|Any CPU
		{39857D90-CA79-D9BD-6A10-63FDF2A23FA2}.Release|Any CPU.Build.0 = Release|Any CPU
	EndGlobalSection
	GlobalSection(SolutionProperties) = preSolution
		HideSolutionNode = FALSE
	EndGlobalSection
	GlobalSection(ExtensibilityGlobals) = postSolution
		SolutionGuid = {F98A5C06-C24E-4B18-9DD6-81A65B614EA7}
	EndGlobalSection
EndGlobal
